PODS:
  - AudioKit (4.5.6):
    - AudioKit/Core (= 4.5.6)
    - AudioKit/UI (= 4.5.6)
  - AudioKit/Core (4.5.6)
  - AudioKit/UI (4.5.6):
    - AudioKit/Core
  - SpotlightLyrics (0.1.4)

DEPENDENCIES:
  - AudioKit (~> 4.5)
  - SpotlightLyrics

SPEC REPOS:
  https://github.com/cocoapods/specs.git:
    - AudioKit
    - SpotlightLyrics

SPEC CHECKSUMS:
  AudioKit: 84f5a444902a74ac32cfe8488e72782792ff2edc
  SpotlightLyrics: 3ddc5547663a1afe8b064cfc2934d471767fa875

PODFILE CHECKSUM: 2a94f8e153e66d18fe34754fa364f293bee26e9f

COCOAPODS: 1.5.3
